
Microsoft Visual Studio Solution File, Format Version 11.00
# Visual Studio 2010
Project("{FAE04EC0-301F-11D3-BF4B-00C04F79EFBC}") = "WindowsForm1", "WindowsForm1\WindowsForm1.csproj", "{FCBD553B-6B80-4C20-96E5-3EDB0CEA9D6A}"
EndProject
Global
	GlobalSection(SolutionConfigurationPlatforms) = preSolution
		Debug|x86 = Debug|x86
		Release|x86 = Release|x86
	EndGlobalSection
	GlobalSection(ProjectConfigurationPlatforms) = postSolution
		{FCBD553B-6B80-4C20-96E5-3EDB0CEA9D6A}.Debug|x86.ActiveCfg = Debug|x86
		{FCBD553B-6B80-4C20-96E5-3EDB0CEA9D6A}.Debug|x86.Build.0 = Debug|x86
		{FCBD553B-6B80-4C20-96E5-3EDB0CEA9D6A}.Release|x86.ActiveCfg = Release|x86
		{FCBD553B-6B80-4C20-96E5-3EDB0CEA9D6A}.Release|x86.Build.0 = Release|x86
	EndGlobalSection
	GlobalSection(SolutionProperties) = preSolution
		HideSolutionNode = FALSE
	EndGlobalSection
EndGlobal
